
Microsoft Visual Studio Solution File, Format Version 12.00
# Visual Studio Version 16
VisualStudioVersion = 16.0.32002.261
MinimumVisualStudioVersion = 10.0.40219.1
Project("{9A19103F-16F7-4668-BE54-9A1E7A4F7556}") = "MusicPlayer.API", "MusicPlayer.API\MusicPlayer.API.csproj", "{210F6C5A-8C13-4078-B562-7FEC831C1348}"
EndProject
Project("{9A19103F-16F7-4668-BE54-9A1E7A4F7556}") = "MusicPlayer.Models", "Models\MusicPlayer.Models.csproj", "{F5C432D1-69FD-411A-95F7-BFB9DE43EDFB}"
EndProject
Project("{9A19103F-16F7-4668-BE54-9A1E7A4F7556}") = "MusicPlayer.Authentificate", "MusicPlayer.Auth\MusicPlayer.Authentificate.csproj", "{D7D7E5D4-22E2-4BD6-9594-47796C2A22AD}"
EndProject
Project("{9A19103F-16F7-4668-BE54-9A1E7A4F7556}") = "MusicPlayer.DAL", "MusicPlayer.DAL\MusicPlayer.DAL.csproj", "{C5A1A1DD-BACE-4737-968D-FD6A890F7719}"
EndProject
Project("{FAE04EC0-301F-11D3-BF4B-00C04F79EFBC}") = "MusicPlayer.BLL", "BLL\MusicPlayer.BLL.csproj", "{3BCB6AE7-4F1F-4435-8920-3A884237C00B}"
EndProject
Global
	GlobalSection(SolutionConfigurationPlatforms) = preSolution
		Debug|Any CPU = Debug|Any CPU
		Release|Any CPU = Release|Any CPU
	EndGlobalSection
	GlobalSection(ProjectConfigurationPlatforms) = postSolution
		{210F6C5A-8C13-4078-B562-7FEC831C1348}.Debug|Any CPU.ActiveCfg = Debug|Any CPU
		{210F6C5A-8C13-4078-B562-7FEC831C1348}.Debug|Any CPU.Build.0 = Debug|Any CPU
		{210F6C5A-8C13-4078-B562-7FEC831C1348}.Release|Any CPU.ActiveCfg = Release|Any CPU
		{210F6C5A-8C13-4078-B562-7FEC831C1348}.Release|Any CPU.Build.0 = Release|Any CPU
		{F5C432D1-69FD-411A-95F7-BFB9DE43EDFB}.Debug|Any CPU.ActiveCfg = Debug|Any CPU
		{F5C432D1-69FD-411A-95F7-BFB9DE43EDFB}.Debug|Any CPU.Build.0 = Debug|Any CPU
		{F5C432D1-69FD-411A-95F7-BFB9DE43EDFB}.Release|Any CPU.ActiveCfg = Release|Any CPU
		{F5C432D1-69FD-411A-95F7-BFB9DE43EDFB}.Release|Any CPU.Build.0 = Release|Any CPU
		{D7D7E5D4-22E2-4BD6-9594-47796C2A22AD}.Debug|Any CPU.ActiveCfg = Debug|Any CPU
		{D7D7E5D4-22E2-4BD6-9594-47796C2A22AD}.Debug|Any CPU.Build.0 = Debug|Any CPU
		{D7D7E5D4-22E2-4BD6-9594-47796C2A22AD}.Release|Any CPU.ActiveCfg = Release|Any CPU
		{D7D7E5D4-22E2-4BD6-9594-47796C2A22AD}.Release|Any CPU.Build.0 = Release|Any CPU
		{C5A1A1DD-BACE-4737-968D-FD6A890F7719}.Debug|Any CPU.ActiveCfg = Debug|Any CPU
		{C5A1A1DD-BACE-4737-968D-FD6A890F7719}.Debug|Any CPU.Build.0 = Debug|Any CPU
		{C5A1A1DD-BACE-4737-968D-FD6A890F7719}.Release|Any CPU.ActiveCfg = Release|Any CPU
		{C5A1A1DD-BACE-4737-968D-FD6A890F7719}.Release|Any CPU.Build.0 = Release|Any CPU
		{3BCB6AE7-4F1F-4435-8920-3A884237C00B}.Debug|Any CPU.ActiveCfg = Debug|Any CPU
		{3BCB6AE7-4F1F-4435-8920-3A884237C00B}.Debug|Any CPU.Build.0 = Debug|Any CPU
		{3BCB6AE7-4F1F-4435-8920-3A884237C00B}.Release|Any CPU.ActiveCfg = Release|Any CPU
		{3BCB6AE7-4F1F-4435-8920-3A884237C00B}.Release|Any CPU.Build.0 = Release|Any CPU
	EndGlobalSection
	GlobalSection(SolutionProperties) = preSolution
		HideSolutionNode = FALSE
	EndGlobalSection
	GlobalSection(ExtensibilityGlobals) = postSolution
		SolutionGuid = {7BCCE600-6741-4E1D-BB44-00138C318C2E}
	EndGlobalSection
EndGlobal
